// !$*UTF8*$!
{
	archiveVersion = 1;
	classes = {
	};
	objectVersion = 77;
	objects = {

/* Begin PBXContainerItemProxy section */
		9F426C3B2CCAA95900C3F940 /* PBXContainerItemProxy */ = {
			isa = PBXContainerItemProxy;
			containerPortal = 9F426C222CCAA95500C3F940 /* Project object */;
			proxyType = 1;
			remoteGlobalIDString = 9F426C292CCAA95500C3F940;
			remoteInfo = OpenAISample;
		};
		9F426C452CCAA95900C3F940 /* PBXContainerItemProxy */ = {
			isa = PBXContainerItemProxy;
			containerPortal = 9F426C222CCAA95500C3F940 /* Project object */;
			proxyType = 1;
			remoteGlobalIDString = 9F426C292CCAA95500C3F940;
			remoteInfo = OpenAISample;
		};
/* End PBXContainerItemProxy section */

/* Begin PBXFileReference section */
		9F426C2A2CCAA95500C3F940 /* OpenAISample.app */ = {isa = PBXFileReference; explicitFileType = wrapper.application; includeInIndex = 0; path = OpenAISample.app; sourceTree = BUILT_PRODUCTS_DIR; };
		9F426C3A2CCAA95900C3F940 /* OpenAISampleTests.xctest */ = {isa = PBXFileReference; explicitFileType = wrapper.cfbundle; includeInIndex = 0; path = OpenAISampleTests.xctest; sourceTree = BUILT_PRODUCTS_DIR; };
		9F426C442CCAA95900C3F940 /* OpenAISampleUITests.xctest */ = {isa = PBXFileReference; explicitFileType = wrapper.cfbundle; includeInIndex = 0; path = OpenAISampleUITests.xctest; sourceTree = BUILT_PRODUCTS_DIR; };
/* End PBXFileReference section */

/* Begin PBXFileSystemSynchronizedRootGroup section */
		9F426C2C2CCAA95500C3F940 /* OpenAISample */ = {
			isa = PBXFileSystemSynchronizedRootGroup;
			path = OpenAISample;
			sourceTree = "<group>";
		};
		9F426C3D2CCAA95900C3F940 /* OpenAISampleTests */ = {
			isa = PBXFileSystemSynchronizedRootGroup;
			path = OpenAISampleTests;
			sourceTree = "<group>";
		};
		9F426C472CCAA95900C3F940 /* OpenAISampleUITests */ = {
			isa = PBXFileSystemSynchronizedRootGroup;
			path = OpenAISampleUITests;
			sourceTree = "<group>";
		};
/* End PBXFileSystemSynchronizedRootGroup section */

/* Begin PBXFrameworksBuildPhase section */
		9F426C272CCAA95500C3F940 /* Frameworks */ = {
			isa = PBXFrameworksBuildPhase;
			buildActionMask = 2147483647;
			files = (
			);
			runOnlyForDeploymentPostprocessing = 0;
		};
		9F426C372CCAA95900C3F940 /* Frameworks */ = {
			isa = PBXFrameworksBuildPhase;
			buildActionMask = 2147483647;
			files = (
			);
			runOnlyForDeploymentPostprocessing = 0;
		};
		9F426C412CCAA95900C3F940 /* Frameworks */ = {
			isa = PBXFrameworksBuildPhase;
			buildActionMask = 2147483647;
			files = (
			);
			runOnlyForDeploymentPostprocessing = 0;
		};
/* End PBXFrameworksBuildPhase section */

/* Begin PBXGroup section */
		9F426C212CCAA95500C3F940 = {
			isa = PBXGroup;
			children = (
				9F426C2C2CCAA95500C3F940 /* OpenAISample */,
				9F426C3D2CCAA95900C3F940 /* OpenAISampleTests */,
				9F426C472CCAA95900C3F940 /* OpenAISampleUITests */,
				9F426C2B2CCAA95500C3F940 /* Products */,
			);
			sourceTree = "<group>";
		};
		9F426C2B2CCAA95500C3F940 /* Products */ = {
			isa = PBXGroup;
			children = (
				9F426C2A2CCAA95500C3F940 /* OpenAISample.app */,
				9F426C3A2CCAA95900C3F940 /* OpenAISampleTests.xctest */,
				9F426C442CCAA95900C3F940 /* OpenAISampleUITests.xctest */,
			);
			name = Products;
			sourceTree = "<group>";
		};
/* End PBXGroup section */

/* Begin PBXNativeTarget section */
		9F426C292CCAA95500C3F940 /* OpenAISample */ = {
			isa = PBXNativeTarget;
			buildConfigurationList = 9F426C4E2CCAA95900C3F940 /* Build configuration list for PBXNativeTarget "OpenAISample" */;
			buildPhases = (
				9F426C262CCAA95500C3F940 /* Sources */,
				9F426C272CCAA95500C3F940 /* Frameworks */,
				9F426C282CCAA95500C3F940 /* Resources */,
			);
			buildRules = (
			);
			dependencies = (
			);
			fileSystemSynchronizedGroups = (
				9F426C2C2CCAA95500C3F940 /* OpenAISample */,
			);
			name = OpenAISample;
			packageProductDependencies = (
			);
			productName = OpenAISample;
			productReference = 9F426C2A2CCAA95500C3F940 /* OpenAISample.app */;
			productType = "com.apple.product-type.application";
		};
		9F426C392CCAA95900C3F940 /* OpenAISampleTests */ = {
			isa = PBXNativeTarget;
			buildConfigurationList = 9F426C512CCAA95900C3F940 /* Build configuration list for PBXNativeTarget "OpenAISampleTests" */;
			buildPhases = (
				9F426C362CCAA95900C3F940 /* Sources */,
				9F426C372CCAA95900C3F940 /* Frameworks */,
				9F426C382CCAA95900C3F940 /* Resources */,
			);
			buildRules = (
			);
			dependencies = (
				9F426C3C2CCAA95900C3F940 /* PBXTargetDependency */,
			);
			fileSystemSynchronizedGroups = (
				9F426C3D2CCAA95900C3F940 /* OpenAISampleTests */,
			);
			name = OpenAISampleTests;
			packageProductDependencies = (
			);
			productName = OpenAISampleTests;
			productReference = 9F426C3A2CCAA95900C3F940 /* OpenAISampleTests.xctest */;
			productType = "com.apple.product-type.bundle.unit-test";
		};
		9F426C432CCAA95900C3F940 /* OpenAISampleUITests */ = {
			isa = PBXNativeTarget;
			buildConfigurationList = 9F426C542CCAA95900C3F940 /* Build configuration list for PBXNativeTarget "OpenAISampleUITests" */;
			buildPhases = (
				9F426C402CCAA95900C3F940 /* Sources */,
				9F426C412CCAA95900C3F940 /* Frameworks */,
				9F426C422CCAA95900C3F940 /* Resources */,
			);
			buildRules = (
			);
			dependencies = (
				9F426C462CCAA95900C3F940 /* PBXTargetDependency */,
			);
			fileSystemSynchronizedGroups = (
				9F426C472CCAA95900C3F940 /* OpenAISampleUITests */,
			);
			name = OpenAISampleUITests;
			packageProductDependencies = (
			);
			productName = OpenAISampleUITests;
			productReference = 9F426C442CCAA95900C3F940 /* OpenAISampleUITests.xctest */;
			productType = "com.apple.product-type.bundle.ui-testing";
		};
/* End PBXNativeTarget section */

/* Begin PBXProject section */
		9F426C222CCAA95500C3F940 /* Project object */ = {
			isa = PBXProject;
			attributes = {
				BuildIndependentTargetsInParallel = 1;
				LastSwiftUpdateCheck = 1600;
				LastUpgradeCheck = 1600;
				TargetAttributes = {
					9F426C292CCAA95500C3F940 = {
						CreatedOnToolsVersion = 16.0;
					};
					9F426C392CCAA95900C3F940 = {
						CreatedOnToolsVersion = 16.0;
						TestTargetID = 9F426C292CCAA95500C3F940;
					};
					9F426C432CCAA95900C3F940 = {
						CreatedOnToolsVersion = 16.0;
						TestTargetID = 9F426C292CCAA95500C3F940;
					};
				};
			};
			buildConfigurationList = 9F426C252CCAA95500C3F940 /* Build configuration list for PBXProject "OpenAISample" */;
			developmentRegion = en;
			hasScannedForEncodings = 0;
			knownRegions = (
				en,
				Base,
			);
			mainGroup = 9F426C212CCAA95500C3F940;
			minimizedProjectReferenceProxies = 1;
			preferredProjectObjectVersion = 77;
			productRefGroup = 9F426C2B2CCAA95500C3F940 /* Products */;
			projectDirPath = "";
			projectRoot = "";
			targets = (
				9F426C292CCAA95500C3F940 /* OpenAISample */,
				9F426C392CCAA95900C3F940 /* OpenAISampleTests */,
				9F426C432CCAA95900C3F940 /* OpenAISampleUITests */,
			);
		};
/* End PBXProject section */

/* Begin PBXResourcesBuildPhase section */
		9F426C282CCAA95500C3F940 /* Resources */ = {
			isa = PBXResourcesBuildPhase;
			buildActionMask = 2147483647;
			files = (
			);
			runOnlyForDeploymentPostprocessing = 0;
		};
		9F426C382CCAA95900C3F940 /* Resources */ = {
			isa = PBXResourcesBuildPhase;
			buildActionMask = 2147483647;
			files = (
			);
			runOnlyForDeploymentPostprocessing = 0;
		};
		9F426C422CCAA95900C3F940 /* Resources */ = {
			isa = PBXResourcesBuildPhase;
			buildActionMask = 2147483647;
			files = (
			);
			runOnlyForDeploymentPostprocessing = 0;
		};
/* End PBXResourcesBuildPhase section */

/* Begin PBXSourcesBuildPhase section */
		9F426C262CCAA95500C3F940 /* Sources */ = {
			isa = PBXSourcesBuildPhase;
			buildActionMask = 2147483647;
			files = (
			);
			runOnlyForDeploymentPostprocessing = 0;
		};
		9F426C362CCAA95900C3F940 /* Sources */ = {
			isa = PBXSourcesBuildPhase;
			buildActionMask = 2147483647;
			files = (
			);
			runOnlyForDeploymentPostprocessing = 0;
		};
		9F426C402CCAA95900C3F940 /* Sources */ = {
			isa = PBXSourcesBuildPhase;
			buildActionMask = 2147483647;
			files = (
			);
			runOnlyForDeploymentPostprocessing = 0;
		};
/* End PBXSourcesBuildPhase section */

/* Begin PBXTargetDependency section */
		9F426C3C2CCAA95900C3F940 /* PBXTargetDependency */ = {
			isa = PBXTargetDependency;
			target = 9F426C292CCAA95500C3F940 /* OpenAISample */;
			targetProxy = 9F426C3B2CCAA95900C3F940 /* PBXContainerItemProxy */;
		};
		9F426C462CCAA95900C3F940 /* PBXTargetDependency */ = {
			isa = PBXTargetDependency;
			target = 9F426C292CCAA95500C3F940 /* OpenAISample */;
			targetProxy = 9F426C452CCAA95900C3F940 /* PBXContainerItemProxy */;
		};
/* End PBXTargetDependency section */

/* Begin XCBuildConfiguration section */
		9F426C4C2CCAA95900C3F940 /* Debug */ = {
			isa = XCBuildConfiguration;
			buildSettings = {
				ALWAYS_SEARCH_USER_PATHS = NO;
				ASSETCATALOG_COMPILER_GENERATE_SWIFT_ASSET_SYMBOL_EXTENSIONS = YES;
				CLANG_ANALYZER_NONNULL = YES;
				CLANG_ANALYZER_NUMBER_OBJECT_CONVERSION = YES_AGGRESSIVE;
				CLANG_CXX_LANGUAGE_STANDARD = "gnu++20";
				CLANG_ENABLE_MODULES = YES;
				CLANG_ENABLE_OBJC_ARC = YES;
				CLANG_ENABLE_OBJC_WEAK = YES;
				CLANG_WARN_BLOCK_CAPTURE_AUTORELEASING = YES;
				CLANG_WARN_BOOL_CONVERSION = YES;
				CLANG_WARN_COMMA = YES;
				CLANG_WARN_CONSTANT_CONVERSION = YES;
				CLANG_WARN_DEPRECATED_OBJC_IMPLEMENTATIONS = YES;
				CLANG_WARN_DIRECT_OBJC_ISA_USAGE = YES_ERROR;
				CLANG_WARN_DOCUMENTATION_COMMENTS = YES;
				CLANG_WARN_EMPTY_BODY = YES;
				CLANG_WARN_ENUM_CONVERSION = YES;
				CLANG_WARN_INFINITE_RECURSION = YES;
				CLANG_WARN_INT_CONVERSION = YES;
				CLANG_WARN_NON_LITERAL_NULL_CONVERSION = YES;
				CLANG_WARN_OBJC_IMPLICIT_RETAIN_SELF = YES;
				CLANG_WARN_OBJC_LITERAL_CONVERSION = YES;
				CLANG_WARN_OBJC_ROOT_CLASS = YES_ERROR;
				CLANG_WARN_QUOTED_INCLUDE_IN_FRAMEWORK_HEADER = YES;
				CLANG_WARN_RANGE_LOOP_ANALYSIS = YES;
				CLANG_WARN_STRICT_PROTOTYPES = YES;
				CLANG_WARN_SUSPICIOUS_MOVE = YES;
				CLANG_WARN_UNGUARDED_AVAILABILITY = YES_AGGRESSIVE;
				CLANG_WARN_UNREACHABLE_CODE = YES;
				CLANG_WARN__DUPLICATE_METHOD_MATCH = YES;
				COPY_PHASE_STRIP = NO;
				DEBUG_INFORMATION_FORMAT = dwarf;
				ENABLE_STRICT_OBJC_MSGSEND = YES;
				ENABLE_TESTABILITY = YES;
				ENABLE_USER_SCRIPT_SANDBOXING = YES;
				GCC_C_LANGUAGE_STANDARD = gnu17;
				GCC_DYNAMIC_NO_PIC = NO;
				GCC_NO_COMMON_BLOCKS = YES;
				GCC_OPTIMIZATION_LEVEL = 0;
				GCC_PREPROCESSOR_DEFINITIONS = (
					"DEBUG=1",
					"$(inherited)",
				);
				GCC_WARN_64_TO_32_BIT_CONVERSION = YES;
				GCC_WARN_ABOUT_RETURN_TYPE = YES_ERROR;
				GCC_WARN_UNDECLARED_SELECTOR = YES;
				GCC_WARN_UNINITIALIZED_AUTOS = YES_AGGRESSIVE;
				GCC_WARN_UNUSED_FUNCTION = YES;
				GCC_WARN_UNUSED_VARIABLE = YES;
				IPHONEOS_DEPLOYMENT_TARGET = 18.0;
				LOCALIZATION_PREFERS_STRING_CATALOGS = YES;
				MTL_ENABLE_DEBUG_INFO = INCLUDE_SOURCE;
				MTL_FAST_MATH = YES;
				ONLY_ACTIVE_ARCH = YES;
				SDKROOT = iphoneos;
				SWIFT_ACTIVE_COMPILATION_CONDITIONS = "DEBUG $(inherited)";
				SWIFT_OPTIMIZATION_LEVEL = "-Onone";
			};
			name = Debug;
		};
		9F426C4D2CCAA95900C3F940 /* Release */ = {
			isa = XCBuildConfiguration;
			buildSettings = {
				ALWAYS_SEARCH_USER_PATHS = NO;
				ASSETCATALOG_COMPILER_GENERATE_SWIFT_ASSET_SYMBOL_EXTENSIONS = YES;
				CLANG_ANALYZER_NONNULL = YES;
				CLANG_ANALYZER_NUMBER_OBJECT_CONVERSION = YES_AGGRESSIVE;
				CLANG_CXX_LANGUAGE_STANDARD = "gnu++20";
				CLANG_ENABLE_MODULES = YES;
				CLANG_ENABLE_OBJC_ARC = YES;
				CLANG_ENABLE_OBJC_WEAK = YES;
				CLANG_WARN_BLOCK_CAPTURE_AUTORELEASING = YES;
				CLANG_WARN_BOOL_CONVERSION = YES;
				CLANG_WARN_COMMA = YES;
				CLANG_WARN_CONSTANT_CONVERSION = YES;
				CLANG_WARN_DEPRECATED_OBJC_IMPLEMENTATIONS = YES;
				CLANG_WARN_DIRECT_OBJC_ISA_USAGE = YES_ERROR;
				CLANG_WARN_DOCUMENTATION_COMMENTS = YES;
				CLANG_WARN_EMPTY_BODY = YES;
				CLANG_WARN_ENUM_CONVERSION = YES;
				CLANG_WARN_INFINITE_RECURSION = YES;
				CLANG_WARN_INT_CONVERSION = YES;
				CLANG_WARN_NON_LITERAL_NULL_CONVERSION = YES;
				CLANG_WARN_OBJC_IMPLICIT_RETAIN_SELF = YES;
				CLANG_WARN_OBJC_LITERAL_CONVERSION = YES;
				CLANG_WARN_OBJC_ROOT_CLASS = YES_ERROR;
				CLANG_WARN_QUOTED_INCLUDE_IN_FRAMEWORK_HEADER = YES;
				CLANG_WARN_RANGE_LOOP_ANALYSIS = YES;
				CLANG_WARN_STRICT_PROTOTYPES = YES;
				CLANG_WARN_SUSPICIOUS_MOVE = YES;
				CLANG_WARN_UNGUARDED_AVAILABILITY = YES_AGGRESSIVE;
				CLANG_WARN_UNREACHABLE_CODE = YES;
				CLANG_WARN__DUPLICATE_METHOD_MATCH = YES;
				COPY_PHASE_STRIP = NO;
				DEBUG_INFORMATION_FORMAT = "dwarf-with-dsym";
				ENABLE_NS_ASSERTIONS = NO;
				ENABLE_STRICT_OBJC_MSGSEND = YES;
				ENABLE_USER_SCRIPT_SANDBOXING = YES;
				GCC_C_LANGUAGE_STANDARD = gnu17;
				GCC_NO_COMMON_BLOCKS = YES;
				GCC_WARN_64_TO_32_BIT_CONVERSION = YES;
				GCC_WARN_ABOUT_RETURN_TYPE = YES_ERROR;
				GCC_WARN_UNDECLARED_SELECTOR = YES;
				GCC_WARN_UNINITIALIZED_AUTOS = YES_AGGRESSIVE;
				GCC_WARN_UNUSED_FUNCTION = YES;
				GCC_WARN_UNUSED_VARIABLE = YES;
				IPHONEOS_DEPLOYMENT_TARGET = 18.0;
				LOCALIZATION_PREFERS_STRING_CATALOGS = YES;
				MTL_ENABLE_DEBUG_INFO = NO;
				MTL_FAST_MATH = YES;
				SDKROOT = iphoneos;
				SWIFT_COMPILATION_MODE = wholemodule;
				VALIDATE_PRODUCT = YES;
			};
			name = Release;
		};
		9F426C4F2CCAA95900C3F940 /* Debug */ = {
			isa = XCBuildConfiguration;
			buildSettings = {
				ASSETCATALOG_COMPILER_APPICON_NAME = AppIcon;
				ASSETCATALOG_COMPILER_GLOBAL_ACCENT_COLOR_NAME = AccentColor;
				CODE_SIGN_STYLE = Automatic;
				CURRENT_PROJECT_VERSION = 1;
				DEVELOPMENT_ASSET_PATHS = "\"OpenAISample/Preview Content\"";
				DEVELOPMENT_TEAM = P2AU7H4UBB;
				ENABLE_PREVIEWS = YES;
				GENERATE_INFOPLIST_FILE = YES;
				INFOPLIST_KEY_UIApplicationSceneManifest_Generation = YES;
				INFOPLIST_KEY_UIApplicationSupportsIndirectInputEvents = YES;
				INFOPLIST_KEY_UILaunchScreen_Generation = YES;
				INFOPLIST_KEY_UISupportedInterfaceOrientations_iPad = "UIInterfaceOrientationPortrait UIInterfaceOrientationPortraitUpsideDown UIInterfaceOrientationLandscapeLeft UIInterfaceOrientationLandscapeRight";
				INFOPLIST_KEY_UISupportedInterfaceOrientations_iPhone = "UIInterfaceOrientationPortrait UIInterfaceOrientationLandscapeLeft UIInterfaceOrientationLandscapeRight";
				LD_RUNPATH_SEARCH_PATHS = (
					"$(inherited)",
					"@executable_path/Frameworks",
				);
				MARKETING_VERSION = 1.0;
				PRODUCT_BUNDLE_IDENTIFIER = Liana.OpenAISample;
				PRODUCT_NAME = "$(TARGET_NAME)";
				SWIFT_EMIT_LOC_STRINGS = YES;
				SWIFT_VERSION = 5.0;
				TARGETED_DEVICE_FAMILY = "1,2";
			};
			name = Debug;
		};
		9F426C502CCAA95900C3F940 /* Release */ = {
			isa = XCBuildConfiguration;
			buildSettings = {
				ASSETCATALOG_COMPILER_APPICON_NAME = AppIcon;
				ASSETCATALOG_COMPILER_GLOBAL_ACCENT_COLOR_NAME = AccentColor;
				CODE_SIGN_STYLE = Automatic;
				CURRENT_PROJECT_VERSION = 1;
				DEVELOPMENT_ASSET_PATHS = "\"OpenAISample/Preview Content\"";
				DEVELOPMENT_TEAM = P2AU7H4UBB;
				ENABLE_PREVIEWS = YES;
				GENERATE_INFOPLIST_FILE = YES;
				INFOPLIST_KEY_UIApplicationSceneManifest_Generation = YES;
				INFOPLIST_KEY_UIApplicationSupportsIndirectInputEvents = YES;
				INFOPLIST_KEY_UILaunchScreen_Generation = YES;
				INFOPLIST_KEY_UISupportedInterfaceOrientations_iPad = "UIInterfaceOrientationPortrait UIInterfaceOrientationPortraitUpsideDown UIInterfaceOrientationLandscapeLeft UIInterfaceOrientationLandscapeRight";
				INFOPLIST_KEY_UISupportedInterfaceOrientations_iPhone = "UIInterfaceOrientationPortrait UIInterfaceOrientationLandscapeLeft UIInterfaceOrientationLandscapeRight";
				LD_RUNPATH_SEARCH_PATHS = (
					"$(inherited)",
					"@executable_path/Frameworks",
				);
				MARKETING_VERSION = 1.0;
				PRODUCT_BUNDLE_IDENTIFIER = Liana.OpenAISample;
				PRODUCT_NAME = "$(TARGET_NAME)";
				SWIFT_EMIT_LOC_STRINGS = YES;
				SWIFT_VERSION = 5.0;
				TARGETED_DEVICE_FAMILY = "1,2";
			};
			name = Release;
		};
		9F426C522CCAA95900C3F940 /* Debug */ = {
			isa = XCBuildConfiguration;
			buildSettings = {
				BUNDLE_LOADER = "$(TEST_HOST)";
				CODE_SIGN_STYLE = Automatic;
				CURRENT_PROJECT_VERSION = 1;
				DEVELOPMENT_TEAM = P2AU7H4UBB;
				GENERATE_INFOPLIST_FILE = YES;
				IPHONEOS_DEPLOYMENT_TARGET = 18.0;
				MARKETING_VERSION = 1.0;
				PRODUCT_BUNDLE_IDENTIFIER = Liana.OpenAISampleTests;
				PRODUCT_NAME = "$(TARGET_NAME)";
				SWIFT_EMIT_LOC_STRINGS = NO;
				SWIFT_VERSION = 5.0;
				TARGETED_DEVICE_FAMILY = "1,2";
				TEST_HOST = "$(BUILT_PRODUCTS_DIR)/OpenAISample.app/$(BUNDLE_EXECUTABLE_FOLDER_PATH)/OpenAISample";
			};
			name = Debug;
		};
		9F426C532CCAA95900C3F940 /* Release */ = {
			isa = XCBuildConfiguration;
			buildSettings = {
				BUNDLE_LOADER = "$(TEST_HOST)";
				CODE_SIGN_STYLE = Automatic;
				CURRENT_PROJECT_VERSION = 1;
				DEVELOPMENT_TEAM = P2AU7H4UBB;
				GENERATE_INFOPLIST_FILE = YES;
				IPHONEOS_DEPLOYMENT_TARGET = 18.0;
				MARKETING_VERSION = 1.0;
				PRODUCT_BUNDLE_IDENTIFIER = Liana.OpenAISampleTests;
				PRODUCT_NAME = "$(TARGET_NAME)";
				SWIFT_EMIT_LOC_STRINGS = NO;
				SWIFT_VERSION = 5.0;
				TARGETED_DEVICE_FAMILY = "1,2";
				TEST_HOST = "$(BUILT_PRODUCTS_DIR)/OpenAISample.app/$(BUNDLE_EXECUTABLE_FOLDER_PATH)/OpenAISample";
			};
			name = Release;
		};
		9F426C552CCAA95900C3F940 /* Debug */ = {
			isa = XCBuildConfiguration;
			buildSettings = {
				CODE_SIGN_STYLE = Automatic;
				CURRENT_PROJECT_VERSION = 1;
				DEVELOPMENT_TEAM = P2AU7H4UBB;
				GENERATE_INFOPLIST_FILE = YES;
				MARKETING_VERSION = 1.0;
				PRODUCT_BUNDLE_IDENTIFIER = Liana.OpenAISampleUITests;
				PRODUCT_NAME = "$(TARGET_NAME)";
				SWIFT_EMIT_LOC_STRINGS = NO;
				SWIFT_VERSION = 5.0;
				TARGETED_DEVICE_FAMILY = "1,2";
				TEST_TARGET_NAME = OpenAISample;
			};
			name = Debug;
		};
		9F426C562CCAA95900C3F940 /* Release */ = {
			isa = XCBuildConfiguration;
			buildSettings = {
				CODE_SIGN_STYLE = Automatic;
				CURRENT_PROJECT_VERSION = 1;
				DEVELOPMENT_TEAM = P2AU7H4UBB;
				GENERATE_INFOPLIST_FILE = YES;
				MARKETING_VERSION = 1.0;
				PRODUCT_BUNDLE_IDENTIFIER = Liana.OpenAISampleUITests;
				PRODUCT_NAME = "$(TARGET_NAME)";
				SWIFT_EMIT_LOC_STRINGS = NO;
				SWIFT_VERSION = 5.0;
				TARGETED_DEVICE_FAMILY = "1,2";
				TEST_TARGET_NAME = OpenAISample;
			};
			name = Release;
		};
/* End XCBuildConfiguration section */

/* Begin XCConfigurationList section */
		9F426C252CCAA95500C3F940 /* Build configuration list for PBXProject "OpenAISample" */ = {
			isa = XCConfigurationList;
			buildConfigurations = (
				9F426C4C2CCAA95900C3F940 /* Debug */,
				9F426C4D2CCAA95900C3F940 /* Release */,
			);
			defaultConfigurationIsVisible = 0;
			defaultConfigurationName = Release;
		};
		9F426C4E2CCAA95900C3F940 /* Build configuration list for PBXNativeTarget "OpenAISample" */ = {
			isa = XCConfigurationList;
			buildConfigurations = (
				9F426C4F2CCAA95900C3F940 /* Debug */,
				9F426C502CCAA95900C3F940 /* Release */,
			);
			defaultConfigurationIsVisible = 0;
			defaultConfigurationName = Release;
		};
		9F426C512CCAA95900C3F940 /* Build configuration list for PBXNativeTarget "OpenAISampleTests" */ = {
			isa = XCConfigurationList;
			buildConfigurations = (
				9F426C522CCAA95900C3F940 /* Debug */,
				9F426C532CCAA95900C3F940 /* Release */,
			);
			defaultConfigurationIsVisible = 0;
			defaultConfigurationName = Release;
		};
		9F426C542CCAA95900C3F940 /* Build configuration list for PBXNativeTarget "OpenAISampleUITests" */ = {
			isa = XCConfigurationList;
			buildConfigurations = (
				9F426C552CCAA95900C3F940 /* Debug */,
				9F426C562CCAA95900C3F940 /* Release */,
			);
			defaultConfigurationIsVisible = 0;
			defaultConfigurationName = Release;
		};
/* End XCConfigurationList section */
	};
	rootObject = 9F426C222CCAA95500C3F940 /* Project object */;
}
